
Microsoft Visual Studio Solution File, Format Version 11.00
# Visual Studio 2010
Project("{FAE04EC0-301F-11D3-BF4B-00C04F79EFBC}") = "Boxophobic.Utils.Scripts", "Boxophobic.Utils.Scripts.csproj", "{D7B8A9ED-1FE5-8D4C-CA29-AC11001B50EC}"
EndProject
Project("{FAE04EC0-301F-11D3-BF4B-00C04F79EFBC}") = "Assembly-CSharp", "Assembly-CSharp.csproj", "{7244B1C5-3B5F-EF3D-4FE8-2E6DF7CA97EE}"
EndProject
Project("{FAE04EC0-301F-11D3-BF4B-00C04F79EFBC}") = "Boxophobic.PolyverseSkies.Runtime", "Boxophobic.PolyverseSkies.Runtime.csproj", "{C1EEDDB5-10C8-559C-61F1-136862959BEB}"
EndProject
Project("{FAE04EC0-301F-11D3-BF4B-00C04F79EFBC}") = "Boxophobic.PolyverseSkies.Scripts", "Boxophobic.PolyverseSkies.Scripts.csproj", "{9D9F0BC7-10D7-D824-4637-DD3DF8E04CD4}"
EndProject
Project("{FAE04EC0-301F-11D3-BF4B-00C04F79EFBC}") = "Boxophobic.Utils.Editor", "Boxophobic.Utils.Editor.csproj", "{BB95076F-EC38-FF16-2E17-C969AFFFB500}"
EndProject
Project("{FAE04EC0-301F-11D3-BF4B-00C04F79EFBC}") = "Assembly-CSharp-Editor", "Assembly-CSharp-Editor.csproj", "{6C50FF4B-5997-68B4-6DCA-0EE857EE11CA}"
EndProject
Project("{FAE04EC0-301F-11D3-BF4B-00C04F79EFBC}") = "Boxophobic.PolyverseSkies.Editor", "Boxophobic.PolyverseSkies.Editor.csproj", "{4F3F7C30-42D6-0986-5A40-32F724857EBF}"
EndProject
Global
	GlobalSection(SolutionConfigurationPlatforms) = preSolution
		Debug|Any CPU = Debug|Any CPU
		Release|Any CPU = Release|Any CPU
	EndGlobalSection
	GlobalSection(ProjectConfigurationPlatforms) = postSolution
		{D7B8A9ED-1FE5-8D4C-CA29-AC11001B50EC}.Debug|Any CPU.ActiveCfg = Debug|Any CPU
		{D7B8A9ED-1FE5-8D4C-CA29-AC11001B50EC}.Debug|Any CPU.Build.0 = Debug|Any CPU
		{D7B8A9ED-1FE5-8D4C-CA29-AC11001B50EC}.Release|Any CPU.ActiveCfg = Release|Any CPU
		{D7B8A9ED-1FE5-8D4C-CA29-AC11001B50EC}.Release|Any CPU.Build.0 = Release|Any CPU
		{7244B1C5-3B5F-EF3D-4FE8-2E6DF7CA97EE}.Debug|Any CPU.ActiveCfg = Debug|Any CPU
		{7244B1C5-3B5F-EF3D-4FE8-2E6DF7CA97EE}.Debug|Any CPU.Build.0 = Debug|Any CPU
		{7244B1C5-3B5F-EF3D-4FE8-2E6DF7CA97EE}.Release|Any CPU.ActiveCfg = Release|Any CPU
		{7244B1C5-3B5F-EF3D-4FE8-2E6DF7CA97EE}.Release|Any CPU.Build.0 = Release|Any CPU
		{C1EEDDB5-10C8-559C-61F1-136862959BEB}.Debug|Any CPU.ActiveCfg = Debug|Any CPU
		{C1EEDDB5-10C8-559C-61F1-136862959BEB}.Debug|Any CPU.Build.0 = Debug|Any CPU
		{C1EEDDB5-10C8-559C-61F1-136862959BEB}.Release|Any CPU.ActiveCfg = Release|Any CPU
		{C1EEDDB5-10C8-559C-61F1-136862959BEB}.Release|Any CPU.Build.0 = Release|Any CPU
		{9D9F0BC7-10D7-D824-4637-DD3DF8E04CD4}.Debug|Any CPU.ActiveCfg = Debug|Any CPU
		{9D9F0BC7-10D7-D824-4637-DD3DF8E04CD4}.Debug|Any CPU.Build.0 = Debug|Any CPU
		{9D9F0BC7-10D7-D824-4637-DD3DF8E04CD4}.Release|Any CPU.ActiveCfg = Release|Any CPU
		{9D9F0BC7-10D7-D824-4637-DD3DF8E04CD4}.Release|Any CPU.Build.0 = Release|Any CPU
		{BB95076F-EC38-FF16-2E17-C969AFFFB500}.Debug|Any CPU.ActiveCfg = Debug|Any CPU
		{BB95076F-EC38-FF16-2E17-C969AFFFB500}.Debug|Any CPU.Build.0 = Debug|Any CPU
		{BB95076F-EC38-FF16-2E17-C969AFFFB500}.Release|Any CPU.ActiveCfg = Release|Any CPU
		{BB95076F-EC38-FF16-2E17-C969AFFFB500}.Release|Any CPU.Build.0 = Release|Any CPU
		{6C50FF4B-5997-68B4-6DCA-0EE857EE11CA}.Debug|Any CPU.ActiveCfg = Debug|Any CPU
		{6C50FF4B-5997-68B4-6DCA-0EE857EE11CA}.Debug|Any CPU.Build.0 = Debug|Any CPU
		{6C50FF4B-5997-68B4-6DCA-0EE857EE11CA}.Release|Any CPU.ActiveCfg = Release|Any CPU
		{6C50FF4B-5997-68B4-6DCA-0EE857EE11CA}.Release|Any CPU.Build.0 = Release|Any CPU
		{4F3F7C30-42D6-0986-5A40-32F724857EBF}.Debug|Any CPU.ActiveCfg = Debug|Any CPU
		{4F3F7C30-42D6-0986-5A40-32F724857EBF}.Debug|Any CPU.Build.0 = Debug|Any CPU
		{4F3F7C30-42D6-0986-5A40-32F724857EBF}.Release|Any CPU.ActiveCfg = Release|Any CPU
		{4F3F7C30-42D6-0986-5A40-32F724857EBF}.Release|Any CPU.Build.0 = Release|Any CPU
	EndGlobalSection
	GlobalSection(SolutionProperties) = preSolution
		HideSolutionNode = FALSE
	EndGlobalSection
EndGlobal
