
Microsoft Visual Studio Solution File, Format Version 11.00
# Visual Studio 2010
Project("{FAE04EC0-301F-11D3-BF4B-00C04F79EFBC}") = "Boxophobic.PolyverseSkies.Runtime", "Boxophobic.PolyverseSkies.Runtime.csproj", "{1a34847a-5b7e-4854-3b7b-521dc817d993}"
EndProject
Project("{FAE04EC0-301F-11D3-BF4B-00C04F79EFBC}") = "Assembly-CSharp", "Assembly-CSharp.csproj", "{0db569aa-f97e-5325-349b-bdf6da56b507}"
EndProject
Project("{FAE04EC0-301F-11D3-BF4B-00C04F79EFBC}") = "Boxophobic.Utils.Scripts", "Boxophobic.Utils.Scripts.csproj", "{bc814fe9-6f10-91cf-2309-412b8be57ddc}"
EndProject
Project("{FAE04EC0-301F-11D3-BF4B-00C04F79EFBC}") = "Boxophobic.PolyverseSkies.Scripts", "Boxophobic.PolyverseSkies.Scripts.csproj", "{1925fb14-305e-9968-6ca6-86e5687fa73d}"
EndProject
Project("{FAE04EC0-301F-11D3-BF4B-00C04F79EFBC}") = "Boxophobic.Utils.Editor", "Boxophobic.Utils.Editor.csproj", "{0d5f7646-a387-6be1-2007-4364ad01cb91}"
EndProject
Project("{FAE04EC0-301F-11D3-BF4B-00C04F79EFBC}") = "Boxophobic.PolyverseSkies.Editor", "Boxophobic.PolyverseSkies.Editor.csproj", "{9e3d9862-4a6a-cd7b-ed58-76a915c2365f}"
EndProject
Global
	GlobalSection(SolutionConfigurationPlatforms) = preSolution
		Debug|Any CPU = Debug|Any CPU
	EndGlobalSection
	GlobalSection(ProjectConfigurationPlatforms) = postSolution
		{1a34847a-5b7e-4854-3b7b-521dc817d993}.Debug|Any CPU.ActiveCfg = Debug|Any CPU
		{1a34847a-5b7e-4854-3b7b-521dc817d993}.Debug|Any CPU.Build.0 = Debug|Any CPU
		{0db569aa-f97e-5325-349b-bdf6da56b507}.Debug|Any CPU.ActiveCfg = Debug|Any CPU
		{0db569aa-f97e-5325-349b-bdf6da56b507}.Debug|Any CPU.Build.0 = Debug|Any CPU
		{bc814fe9-6f10-91cf-2309-412b8be57ddc}.Debug|Any CPU.ActiveCfg = Debug|Any CPU
		{bc814fe9-6f10-91cf-2309-412b8be57ddc}.Debug|Any CPU.Build.0 = Debug|Any CPU
		{1925fb14-305e-9968-6ca6-86e5687fa73d}.Debug|Any CPU.ActiveCfg = Debug|Any CPU
		{1925fb14-305e-9968-6ca6-86e5687fa73d}.Debug|Any CPU.Build.0 = Debug|Any CPU
		{0d5f7646-a387-6be1-2007-4364ad01cb91}.Debug|Any CPU.ActiveCfg = Debug|Any CPU
		{0d5f7646-a387-6be1-2007-4364ad01cb91}.Debug|Any CPU.Build.0 = Debug|Any CPU
		{9e3d9862-4a6a-cd7b-ed58-76a915c2365f}.Debug|Any CPU.ActiveCfg = Debug|Any CPU
		{9e3d9862-4a6a-cd7b-ed58-76a915c2365f}.Debug|Any CPU.Build.0 = Debug|Any CPU
	EndGlobalSection
	GlobalSection(SolutionProperties) = preSolution
		HideSolutionNode = FALSE
	EndGlobalSection
EndGlobal
