
Microsoft Visual Studio Solution File, Format Version 12.00
Project("{FAE04EC0-301F-11D3-BF4B-00C04F79EFBC}") = "Testing", "Testing\Testing.csproj", "{20B46EA9-7288-4A0A-A507-CC95A9E6CFF6}"
EndProject
Global
	GlobalSection(SolutionConfigurationPlatforms) = preSolution
		Debug|Any CPU = Debug|Any CPU
		Release|Any CPU = Release|Any CPU
	EndGlobalSection
	GlobalSection(ProjectConfigurationPlatforms) = postSolution
		{20B46EA9-7288-4A0A-A507-CC95A9E6CFF6}.Debug|Any CPU.ActiveCfg = Debug|Any CPU
		{20B46EA9-7288-4A0A-A507-CC95A9E6CFF6}.Debug|Any CPU.Build.0 = Debug|Any CPU
		{20B46EA9-7288-4A0A-A507-CC95A9E6CFF6}.Release|Any CPU.ActiveCfg = Release|Any CPU
		{20B46EA9-7288-4A0A-A507-CC95A9E6CFF6}.Release|Any CPU.Build.0 = Release|Any CPU
	EndGlobalSection
EndGlobal
